<?xml version="1.0" encoding="utf-8"?>
<Project ToolsVersion="16.0" xmlns="http://schemas.microsoft.com/developer/msbuild/2003">
  <ItemGroup>
    <ClCompile Include="U:\tic80\ULI78\vendor\lua\lapi.c">
      <Filter>Source Files</Filter>
    </ClCompile>
    <ClCompile Include="U:\tic80\ULI78\vendor\lua\lcode.c">
      <Filter>Source Files</Filter>
    </ClCompile>
    <ClCompile Include="U:\tic80\ULI78\vendor\lua\lctype.c">
      <Filter>Source Files</Filter>
    </ClCompile>
    <ClCompile Include="U:\tic80\ULI78\vendor\lua\ldebug.c">
      <Filter>Source Files</Filter>
    </ClCompile>
    <ClCompile Include="U:\tic80\ULI78\vendor\lua\ldo.c">
      <Filter>Source Files</Filter>
    </ClCompile>
    <ClCompile Include="U:\tic80\ULI78\vendor\lua\ldump.c">
      <Filter>Source Files</Filter>
    </ClCompile>
    <ClCompile Include="U:\tic80\ULI78\vendor\lua\lfunc.c">
      <Filter>Source Files</Filter>
    </ClCompile>
    <ClCompile Include="U:\tic80\ULI78\vendor\lua\lgc.c">
      <Filter>Source Files</Filter>
    </ClCompile>
    <ClCompile Include="U:\tic80\ULI78\vendor\lua\llex.c">
      <Filter>Source Files</Filter>
    </ClCompile>
    <ClCompile Include="U:\tic80\ULI78\vendor\lua\lmem.c">
      <Filter>Source Files</Filter>
    </ClCompile>
    <ClCompile Include="U:\tic80\ULI78\vendor\lua\lobject.c">
      <Filter>Source Files</Filter>
    </ClCompile>
    <ClCompile Include="U:\tic80\ULI78\vendor\lua\lopcodes.c">
      <Filter>Source Files</Filter>
    </ClCompile>
    <ClCompile Include="U:\tic80\ULI78\vendor\lua\lparser.c">
      <Filter>Source Files</Filter>
    </ClCompile>
    <ClCompile Include="U:\tic80\ULI78\vendor\lua\lstate.c">
      <Filter>Source Files</Filter>
    </ClCompile>
    <ClCompile Include="U:\tic80\ULI78\vendor\lua\lstring.c">
      <Filter>Source Files</Filter>
    </ClCompile>
    <ClCompile Include="U:\tic80\ULI78\vendor\lua\ltable.c">
      <Filter>Source Files</Filter>
    </ClCompile>
    <ClCompile Include="U:\tic80\ULI78\vendor\lua\ltm.c">
      <Filter>Source Files</Filter>
    </ClCompile>
    <ClCompile Include="U:\tic80\ULI78\vendor\lua\lundump.c">
      <Filter>Source Files</Filter>
    </ClCompile>
    <ClCompile Include="U:\tic80\ULI78\vendor\lua\lvm.c">
      <Filter>Source Files</Filter>
    </ClCompile>
    <ClCompile Include="U:\tic80\ULI78\vendor\lua\lzio.c">
      <Filter>Source Files</Filter>
    </ClCompile>
    <ClCompile Include="U:\tic80\ULI78\vendor\lua\lauxlib.c">
      <Filter>Source Files</Filter>
    </ClCompile>
    <ClCompile Include="U:\tic80\ULI78\vendor\lua\lbaselib.c">
      <Filter>Source Files</Filter>
    </ClCompile>
    <ClCompile Include="U:\tic80\ULI78\vendor\lua\lcorolib.c">
      <Filter>Source Files</Filter>
    </ClCompile>
    <ClCompile Include="U:\tic80\ULI78\vendor\lua\ldblib.c">
      <Filter>Source Files</Filter>
    </ClCompile>
    <ClCompile Include="U:\tic80\ULI78\vendor\lua\liolib.c">
      <Filter>Source Files</Filter>
    </ClCompile>
    <ClCompile Include="U:\tic80\ULI78\vendor\lua\lmathlib.c">
      <Filter>Source Files</Filter>
    </ClCompile>
    <ClCompile Include="U:\tic80\ULI78\vendor\lua\loslib.c">
      <Filter>Source Files</Filter>
    </ClCompile>
    <ClCompile Include="U:\tic80\ULI78\vendor\lua\lstrlib.c">
      <Filter>Source Files</Filter>
    </ClCompile>
    <ClCompile Include="U:\tic80\ULI78\vendor\lua\ltablib.c">
      <Filter>Source Files</Filter>
    </ClCompile>
    <ClCompile Include="U:\tic80\ULI78\vendor\lua\lutf8lib.c">
      <Filter>Source Files</Filter>
    </ClCompile>
    <ClCompile Include="U:\tic80\ULI78\vendor\lua\loadlib.c">
      <Filter>Source Files</Filter>
    </ClCompile>
    <ClCompile Include="U:\tic80\ULI78\vendor\lua\linit.c">
      <Filter>Source Files</Filter>
    </ClCompile>
    <ClCompile Include="U:\tic80\ULI78\vendor\lua\lbitlib.c">
      <Filter>Source Files</Filter>
    </ClCompile>
    <ClCompile Include="U:\tic80\ULI78\src\api\luaapi.c">
      <Filter>Source Files</Filter>
    </ClCompile>
    <ClCompile Include="U:\tic80\ULI78\src\api\parse_note.c">
      <Filter>Source Files</Filter>
    </ClCompile>
  </ItemGroup>
  <ItemGroup>
    <CustomBuild Include="U:\tic80\ULI78\CMakeLists.txt" />
  </ItemGroup>
  <ItemGroup>
    <Filter Include="Source Files">
      <UniqueIdentifier>{A156A617-A701-316A-9139-05F87BA212C2}</UniqueIdentifier>
    </Filter>
  </ItemGroup>
</Project>
