<?xml version="1.0" encoding="utf-8"?>
<Project ToolsVersion="16.0" xmlns="http://schemas.microsoft.com/developer/msbuild/2003">
  <ItemGroup>
    <ClCompile Include="U:\tic80\ULI78\src\fftdata.c">
      <Filter>Source Files</Filter>
    </ClCompile>
    <ClCompile Include="U:\tic80\ULI78\src\core\core.c">
      <Filter>Source Files</Filter>
    </ClCompile>
    <ClCompile Include="U:\tic80\ULI78\src\core\draw.c">
      <Filter>Source Files</Filter>
    </ClCompile>
    <ClCompile Include="U:\tic80\ULI78\src\core\io.c">
      <Filter>Source Files</Filter>
    </ClCompile>
    <ClCompile Include="U:\tic80\ULI78\src\core\sound.c">
      <Filter>Source Files</Filter>
    </ClCompile>
    <ClCompile Include="U:\tic80\ULI78\src\uli.c">
      <Filter>Source Files</Filter>
    </ClCompile>
    <ClCompile Include="U:\tic80\ULI78\src\cart.c">
      <Filter>Source Files</Filter>
    </ClCompile>
    <ClCompile Include="U:\tic80\ULI78\src\tools.c">
      <Filter>Source Files</Filter>
    </ClCompile>
    <ClCompile Include="U:\tic80\ULI78\src\zip.c">
      <Filter>Source Files</Filter>
    </ClCompile>
    <ClCompile Include="U:\tic80\ULI78\src\tilesheet.c">
      <Filter>Source Files</Filter>
    </ClCompile>
    <ClCompile Include="U:\tic80\ULI78\src\script.c">
      <Filter>Source Files</Filter>
    </ClCompile>
    <ClCompile Include="U:\tic80\ULI78\src\ext\fft.c">
      <Filter>Source Files</Filter>
    </ClCompile>
    <ClCompile Include="U:\tic80\ULI78\src\ext\kiss_fft.c">
      <Filter>Source Files</Filter>
    </ClCompile>
    <ClCompile Include="U:\tic80\ULI78\src\ext\kiss_fftr.c">
      <Filter>Source Files</Filter>
    </ClCompile>
    <ClCompile Include="U:\tic80\ULI78\src\ext\png.c">
      <Filter>Source Files</Filter>
    </ClCompile>
    <ClCompile Include="U:\tic80\ULI78\src\ext\gif.c">
      <Filter>Source Files</Filter>
    </ClCompile>
  </ItemGroup>
  <ItemGroup>
    <CustomBuild Include="U:\tic80\ULI78\CMakeLists.txt" />
  </ItemGroup>
  <ItemGroup>
    <Filter Include="Source Files">
      <UniqueIdentifier>{A156A617-A701-316A-9139-05F87BA212C2}</UniqueIdentifier>
    </Filter>
  </ItemGroup>
</Project>
