<?xml version="1.0" encoding="utf-8"?>
<Project ToolsVersion="16.0" xmlns="http://schemas.microsoft.com/developer/msbuild/2003">
  <ItemGroup>
    <ClCompile Include="U:\tic80\ULI78\src\studio\screens\run.c">
      <Filter>Source Files</Filter>
    </ClCompile>
    <ClCompile Include="U:\tic80\ULI78\src\studio\screens\menu.c">
      <Filter>Source Files</Filter>
    </ClCompile>
    <ClCompile Include="U:\tic80\ULI78\src\studio\screens\mainmenu.c">
      <Filter>Source Files</Filter>
    </ClCompile>
    <ClCompile Include="U:\tic80\ULI78\src\studio\screens\start.c">
      <Filter>Source Files</Filter>
    </ClCompile>
    <ClCompile Include="U:\tic80\ULI78\src\studio\studio.c">
      <Filter>Source Files</Filter>
    </ClCompile>
    <ClCompile Include="U:\tic80\ULI78\src\studio\config.c">
      <Filter>Source Files</Filter>
    </ClCompile>
    <ClCompile Include="U:\tic80\ULI78\src\studio\fs.c">
      <Filter>Source Files</Filter>
    </ClCompile>
    <ClCompile Include="U:\tic80\ULI78\src\ext\md5.c">
      <Filter>Source Files</Filter>
    </ClCompile>
    <ClCompile Include="U:\tic80\ULI78\src\ext\json.c">
      <Filter>Source Files</Filter>
    </ClCompile>
    <ClCompile Include="U:\tic80\ULI78\src\ext\png.c">
      <Filter>Source Files</Filter>
    </ClCompile>
    <ClCompile Include="U:\tic80\ULI78\src\studio\screens\console.c">
      <Filter>Source Files</Filter>
    </ClCompile>
    <ClCompile Include="U:\tic80\ULI78\src\studio\screens\surf.c">
      <Filter>Source Files</Filter>
    </ClCompile>
    <ClCompile Include="U:\tic80\ULI78\src\studio\editors\code.c">
      <Filter>Source Files</Filter>
    </ClCompile>
    <ClCompile Include="U:\tic80\ULI78\src\studio\editors\sprite.c">
      <Filter>Source Files</Filter>
    </ClCompile>
    <ClCompile Include="U:\tic80\ULI78\src\studio\editors\map.c">
      <Filter>Source Files</Filter>
    </ClCompile>
    <ClCompile Include="U:\tic80\ULI78\src\studio\editors\world.c">
      <Filter>Source Files</Filter>
    </ClCompile>
    <ClCompile Include="U:\tic80\ULI78\src\studio\editors\sfx.c">
      <Filter>Source Files</Filter>
    </ClCompile>
    <ClCompile Include="U:\tic80\ULI78\src\studio\editors\music.c">
      <Filter>Source Files</Filter>
    </ClCompile>
    <ClCompile Include="U:\tic80\ULI78\src\studio\net.c">
      <Filter>Source Files</Filter>
    </ClCompile>
    <ClCompile Include="U:\tic80\ULI78\src\ext\history.c">
      <Filter>Source Files</Filter>
    </ClCompile>
    <ClCompile Include="U:\tic80\ULI78\src\ext\gif.c">
      <Filter>Source Files</Filter>
    </ClCompile>
    <ClCompile Include="U:\tic80\ULI78\src\studio\project.c">
      <Filter>Source Files</Filter>
    </ClCompile>
  </ItemGroup>
  <ItemGroup>
    <CustomBuild Include="U:\tic80\ULI78\CMakeLists.txt" />
  </ItemGroup>
  <ItemGroup>
    <None Include="U:\tic80\ULI78\build\assets\cart.png.dat" />
  </ItemGroup>
  <ItemGroup>
    <Filter Include="Source Files">
      <UniqueIdentifier>{A156A617-A701-316A-9139-05F87BA212C2}</UniqueIdentifier>
    </Filter>
  </ItemGroup>
</Project>
